// !$*UTF8*$!
{
	archiveVersion = 1;
	classes = {
	};
	objectVersion = 50;
	objects = {

/* Begin PBXBuildFile section */
		980A617821A666080020543F /* round_camera_alt_black_36pt_1x.png in Resources */ = {isa = PBXBuildFile; fileRef = 980A617521A666080020543F /* round_camera_alt_black_36pt_1x.png */; };
		980A617921A666080020543F /* round_camera_alt_black_36pt_3x.png in Resources */ = {isa = PBXBuildFile; fileRef = 980A617621A666080020543F /* round_camera_alt_black_36pt_3x.png */; };
		980A617A21A666080020543F /* round_camera_alt_black_36pt_2x.png in Resources */ = {isa = PBXBuildFile; fileRef = 980A617721A666080020543F /* round_camera_alt_black_36pt_2x.png */; };
		981A0E8F21A61F5E00225504 /* round_add_circle_black_36pt_1x.png in Resources */ = {isa = PBXBuildFile; fileRef = 981A0E7D21A61F5C00225504 /* round_add_circle_black_36pt_1x.png */; };
		981A0E9021A61F5E00225504 /* round_add_circle_black_36pt_3x.png in Resources */ = {isa = PBXBuildFile; fileRef = 981A0E7E21A61F5C00225504 /* round_add_circle_black_36pt_3x.png */; };
		981A0E9121A61F5E00225504 /* round_view_list_black_36pt_2x.png in Resources */ = {isa = PBXBuildFile; fileRef = 981A0E7F21A61F5C00225504 /* round_view_list_black_36pt_2x.png */; };
		981A0E9221A61F5E00225504 /* round_timer_black_36pt_3x.png in Resources */ = {isa = PBXBuildFile; fileRef = 981A0E8021A61F5C00225504 /* round_timer_black_36pt_3x.png */; };
		981A0E9321A61F5E00225504 /* round_directions_run_black_36pt_3x.png in Resources */ = {isa = PBXBuildFile; fileRef = 981A0E8121A61F5C00225504 /* round_directions_run_black_36pt_3x.png */; };
		981A0E9521A61F5E00225504 /* round_add_circle_black_36pt_2x.png in Resources */ = {isa = PBXBuildFile; fileRef = 981A0E8321A61F5C00225504 /* round_add_circle_black_36pt_2x.png */; };
		981A0E9621A61F5E00225504 /* round_sentiment_very_dissatisfied_black_36pt_1x.png in Resources */ = {isa = PBXBuildFile; fileRef = 981A0E8421A61F5D00225504 /* round_sentiment_very_dissatisfied_black_36pt_1x.png */; };
		981A0E9721A61F5E00225504 /* round_sentiment_very_dissatisfied_black_36pt_2x.png in Resources */ = {isa = PBXBuildFile; fileRef = 981A0E8521A61F5D00225504 /* round_sentiment_very_dissatisfied_black_36pt_2x.png */; };
		981A0E9821A61F5E00225504 /* round_timer_black_36pt_2x.png in Resources */ = {isa = PBXBuildFile; fileRef = 981A0E8621A61F5D00225504 /* round_timer_black_36pt_2x.png */; };
		981A0E9921A61F5E00225504 /* round_view_list_black_36pt_3x.png in Resources */ = {isa = PBXBuildFile; fileRef = 981A0E8721A61F5D00225504 /* round_view_list_black_36pt_3x.png */; };
		981A0E9B21A61F5E00225504 /* round_view_list_black_36pt_1x.png in Resources */ = {isa = PBXBuildFile; fileRef = 981A0E8921A61F5D00225504 /* round_view_list_black_36pt_1x.png */; };
		981A0E9D21A61F5E00225504 /* round_directions_run_black_36pt_2x.png in Resources */ = {isa = PBXBuildFile; fileRef = 981A0E8B21A61F5D00225504 /* round_directions_run_black_36pt_2x.png */; };
		981A0E9E21A61F5E00225504 /* round_timer_black_36pt_1x.png in Resources */ = {isa = PBXBuildFile; fileRef = 981A0E8C21A61F5D00225504 /* round_timer_black_36pt_1x.png */; };
		981A0E9F21A61F5E00225504 /* round_sentiment_very_dissatisfied_black_36pt_3x.png in Resources */ = {isa = PBXBuildFile; fileRef = 981A0E8D21A61F5D00225504 /* round_sentiment_very_dissatisfied_black_36pt_3x.png */; };
		981A0EA021A61F5E00225504 /* round_directions_run_black_36pt_1x.png in Resources */ = {isa = PBXBuildFile; fileRef = 981A0E8E21A61F5E00225504 /* round_directions_run_black_36pt_1x.png */; };
		981A0EA221A6375A00225504 /* TimerModel.swift in Sources */ = {isa = PBXBuildFile; fileRef = 981A0EA121A6375A00225504 /* TimerModel.swift */; };
		987E005721A4FD0E002B3156 /* MapKit.framework in Frameworks */ = {isa = PBXBuildFile; fileRef = 987E005621A4FD0E002B3156 /* MapKit.framework */; };
		987E005C21A5341A002B3156 /* TimerViewController.swift in Sources */ = {isa = PBXBuildFile; fileRef = 987E005B21A5341A002B3156 /* TimerViewController.swift */; };
		98A30A3421A5F03600660051 /* CustomPointAnnotation.swift in Sources */ = {isa = PBXBuildFile; fileRef = 98A30A3321A5F03600660051 /* CustomPointAnnotation.swift */; };
		98B87DC6219F5D2F008D5E9B /* AppDelegate.swift in Sources */ = {isa = PBXBuildFile; fileRef = 98B87DC5219F5D2F008D5E9B /* AppDelegate.swift */; };
		98B87DC8219F5D2F008D5E9B /* MapViewController.swift in Sources */ = {isa = PBXBuildFile; fileRef = 98B87DC7219F5D2F008D5E9B /* MapViewController.swift */; };
		98B87DD0219F5D30008D5E9B /* LaunchScreen.storyboard in Resources */ = {isa = PBXBuildFile; fileRef = 98B87DCE219F5D30008D5E9B /* LaunchScreen.storyboard */; };
/* End PBXBuildFile section */

/* Begin PBXFileReference section */
		980A617521A666080020543F /* round_camera_alt_black_36pt_1x.png */ = {isa = PBXFileReference; lastKnownFileType = image.png; path = round_camera_alt_black_36pt_1x.png; sourceTree = "<group>"; };
		980A617621A666080020543F /* round_camera_alt_black_36pt_3x.png */ = {isa = PBXFileReference; lastKnownFileType = image.png; path = round_camera_alt_black_36pt_3x.png; sourceTree = "<group>"; };
		980A617721A666080020543F /* round_camera_alt_black_36pt_2x.png */ = {isa = PBXFileReference; lastKnownFileType = image.png; path = round_camera_alt_black_36pt_2x.png; sourceTree = "<group>"; };
		981A0E5021A61C2400225504 /* Assets.xcassets */ = {isa = PBXFileReference; lastKnownFileType = folder.assetcatalog; name = Assets.xcassets; path = ../../../../../../.Trash/Assets.xcassets; sourceTree = "<group>"; };
		981A0E7D21A61F5C00225504 /* round_add_circle_black_36pt_1x.png */ = {isa = PBXFileReference; lastKnownFileType = image.png; path = round_add_circle_black_36pt_1x.png; sourceTree = "<group>"; };
		981A0E7E21A61F5C00225504 /* round_add_circle_black_36pt_3x.png */ = {isa = PBXFileReference; lastKnownFileType = image.png; path = round_add_circle_black_36pt_3x.png; sourceTree = "<group>"; };
		981A0E7F21A61F5C00225504 /* round_view_list_black_36pt_2x.png */ = {isa = PBXFileReference; lastKnownFileType = image.png; path = round_view_list_black_36pt_2x.png; sourceTree = "<group>"; };
		981A0E8021A61F5C00225504 /* round_timer_black_36pt_3x.png */ = {isa = PBXFileReference; lastKnownFileType = image.png; path = round_timer_black_36pt_3x.png; sourceTree = "<group>"; };
		981A0E8121A61F5C00225504 /* round_directions_run_black_36pt_3x.png */ = {isa = PBXFileReference; lastKnownFileType = image.png; path = round_directions_run_black_36pt_3x.png; sourceTree = "<group>"; };
		981A0E8321A61F5C00225504 /* round_add_circle_black_36pt_2x.png */ = {isa = PBXFileReference; lastKnownFileType = image.png; path = round_add_circle_black_36pt_2x.png; sourceTree = "<group>"; };
		981A0E8421A61F5D00225504 /* round_sentiment_very_dissatisfied_black_36pt_1x.png */ = {isa = PBXFileReference; lastKnownFileType = image.png; path = round_sentiment_very_dissatisfied_black_36pt_1x.png; sourceTree = "<group>"; };
		981A0E8521A61F5D00225504 /* round_sentiment_very_dissatisfied_black_36pt_2x.png */ = {isa = PBXFileReference; lastKnownFileType = image.png; path = round_sentiment_very_dissatisfied_black_36pt_2x.png; sourceTree = "<group>"; };
		981A0E8621A61F5D00225504 /* round_timer_black_36pt_2x.png */ = {isa = PBXFileReference; lastKnownFileType = image.png; path = round_timer_black_36pt_2x.png; sourceTree = "<group>"; };
		981A0E8721A61F5D00225504 /* round_view_list_black_36pt_3x.png */ = {isa = PBXFileReference; lastKnownFileType = image.png; path = round_view_list_black_36pt_3x.png; sourceTree = "<group>"; };
		981A0E8921A61F5D00225504 /* round_view_list_black_36pt_1x.png */ = {isa = PBXFileReference; lastKnownFileType = image.png; path = round_view_list_black_36pt_1x.png; sourceTree = "<group>"; };
		981A0E8B21A61F5D00225504 /* round_directions_run_black_36pt_2x.png */ = {isa = PBXFileReference; lastKnownFileType = image.png; path = round_directions_run_black_36pt_2x.png; sourceTree = "<group>"; };
		981A0E8C21A61F5D00225504 /* round_timer_black_36pt_1x.png */ = {isa = PBXFileReference; lastKnownFileType = image.png; path = round_timer_black_36pt_1x.png; sourceTree = "<group>"; };
		981A0E8D21A61F5D00225504 /* round_sentiment_very_dissatisfied_black_36pt_3x.png */ = {isa = PBXFileReference; lastKnownFileType = image.png; path = round_sentiment_very_dissatisfied_black_36pt_3x.png; sourceTree = "<group>"; };
		981A0E8E21A61F5E00225504 /* round_directions_run_black_36pt_1x.png */ = {isa = PBXFileReference; lastKnownFileType = image.png; path = round_directions_run_black_36pt_1x.png; sourceTree = "<group>"; };
		981A0EA121A6375A00225504 /* TimerModel.swift */ = {isa = PBXFileReference; lastKnownFileType = sourcecode.swift; path = TimerModel.swift; sourceTree = "<group>"; };
		987E005621A4FD0E002B3156 /* MapKit.framework */ = {isa = PBXFileReference; lastKnownFileType = wrapper.framework; name = MapKit.framework; path = System/Library/Frameworks/MapKit.framework; sourceTree = SDKROOT; };
		987E005B21A5341A002B3156 /* TimerViewController.swift */ = {isa = PBXFileReference; lastKnownFileType = sourcecode.swift; path = TimerViewController.swift; sourceTree = "<group>"; };
		98A30A3321A5F03600660051 /* CustomPointAnnotation.swift */ = {isa = PBXFileReference; lastKnownFileType = sourcecode.swift; path = CustomPointAnnotation.swift; sourceTree = "<group>"; };
		98B87DC2219F5D2F008D5E9B /* Ghost Hunt.app */ = {isa = PBXFileReference; explicitFileType = wrapper.application; includeInIndex = 0; path = "Ghost Hunt.app"; sourceTree = BUILT_PRODUCTS_DIR; };
		98B87DC5219F5D2F008D5E9B /* AppDelegate.swift */ = {isa = PBXFileReference; lastKnownFileType = sourcecode.swift; path = AppDelegate.swift; sourceTree = "<group>"; };
		98B87DC7219F5D2F008D5E9B /* MapViewController.swift */ = {isa = PBXFileReference; lastKnownFileType = sourcecode.swift; path = MapViewController.swift; sourceTree = "<group>"; };
		98B87DCF219F5D30008D5E9B /* Base */ = {isa = PBXFileReference; lastKnownFileType = file.storyboard; name = Base; path = Base.lproj/LaunchScreen.storyboard; sourceTree = "<group>"; };
		98B87DD1219F5D30008D5E9B /* Info.plist */ = {isa = PBXFileReference; lastKnownFileType = text.plist.xml; path = Info.plist; sourceTree = "<group>"; };
/* End PBXFileReference section */

/* Begin PBXFrameworksBuildPhase section */
		98B87DBF219F5D2F008D5E9B /* Frameworks */ = {
			isa = PBXFrameworksBuildPhase;
			buildActionMask = 2147483647;
			files = (
				987E005721A4FD0E002B3156 /* MapKit.framework in Frameworks */,
			);
			runOnlyForDeploymentPostprocessing = 0;
		};
/* End PBXFrameworksBuildPhase section */

/* Begin PBXGroup section */
		981A0E5221A61D1300225504 /* Icons */ = {
			isa = PBXGroup;
			children = (
				980A617521A666080020543F /* round_camera_alt_black_36pt_1x.png */,
				980A617721A666080020543F /* round_camera_alt_black_36pt_2x.png */,
				980A617621A666080020543F /* round_camera_alt_black_36pt_3x.png */,
				981A0E8321A61F5C00225504 /* round_add_circle_black_36pt_2x.png */,
				981A0E8E21A61F5E00225504 /* round_directions_run_black_36pt_1x.png */,
				981A0E8B21A61F5D00225504 /* round_directions_run_black_36pt_2x.png */,
				981A0E8121A61F5C00225504 /* round_directions_run_black_36pt_3x.png */,
				981A0E8421A61F5D00225504 /* round_sentiment_very_dissatisfied_black_36pt_1x.png */,
				981A0E8521A61F5D00225504 /* round_sentiment_very_dissatisfied_black_36pt_2x.png */,
				981A0E8D21A61F5D00225504 /* round_sentiment_very_dissatisfied_black_36pt_3x.png */,
				981A0E8C21A61F5D00225504 /* round_timer_black_36pt_1x.png */,
				981A0E8621A61F5D00225504 /* round_timer_black_36pt_2x.png */,
				981A0E8021A61F5C00225504 /* round_timer_black_36pt_3x.png */,
				981A0E8921A61F5D00225504 /* round_view_list_black_36pt_1x.png */,
				981A0E7D21A61F5C00225504 /* round_add_circle_black_36pt_1x.png */,
				981A0E7E21A61F5C00225504 /* round_add_circle_black_36pt_3x.png */,
				981A0E7F21A61F5C00225504 /* round_view_list_black_36pt_2x.png */,
				981A0E8721A61F5D00225504 /* round_view_list_black_36pt_3x.png */,
			);
			path = Icons;
			sourceTree = "<group>";
		};
		987E005521A4FD0E002B3156 /* Frameworks */ = {
			isa = PBXGroup;
			children = (
				987E005621A4FD0E002B3156 /* MapKit.framework */,
			);
			name = Frameworks;
			sourceTree = "<group>";
		};
		987E005A21A53376002B3156 /* Controllers */ = {
			isa = PBXGroup;
			children = (
				98B87DC7219F5D2F008D5E9B /* MapViewController.swift */,
				987E005B21A5341A002B3156 /* TimerViewController.swift */,
			);
			path = Controllers;
			sourceTree = "<group>";
		};
		98A30A3221A5EFF800660051 /* Custom Classes */ = {
			isa = PBXGroup;
			children = (
				98A30A3321A5F03600660051 /* CustomPointAnnotation.swift */,
			);
			path = "Custom Classes";
			sourceTree = "<group>";
		};
		98B87DB9219F5D2F008D5E9B = {
			isa = PBXGroup;
			children = (
				98B87DC4219F5D2F008D5E9B /* Ghost Hunt */,
				98B87DC3219F5D2F008D5E9B /* Products */,
				987E005521A4FD0E002B3156 /* Frameworks */,
			);
			sourceTree = "<group>";
		};
		98B87DC3219F5D2F008D5E9B /* Products */ = {
			isa = PBXGroup;
			children = (
				98B87DC2219F5D2F008D5E9B /* Ghost Hunt.app */,
			);
			name = Products;
			sourceTree = "<group>";
		};
		98B87DC4219F5D2F008D5E9B /* Ghost Hunt */ = {
			isa = PBXGroup;
			children = (
				981A0E5221A61D1300225504 /* Icons */,
				98A30A3221A5EFF800660051 /* Custom Classes */,
				98B87DC5219F5D2F008D5E9B /* AppDelegate.swift */,
				987E005A21A53376002B3156 /* Controllers */,
				981A0E5021A61C2400225504 /* Assets.xcassets */,
				98B87DCE219F5D30008D5E9B /* LaunchScreen.storyboard */,
				98B87DD1219F5D30008D5E9B /* Info.plist */,
				981A0EA121A6375A00225504 /* TimerModel.swift */,
			);
			path = "Ghost Hunt";
			sourceTree = "<group>";
		};
/* End PBXGroup section */

/* Begin PBXNativeTarget section */
		98B87DC1219F5D2F008D5E9B /* Ghost Hunt */ = {
			isa = PBXNativeTarget;
			buildConfigurationList = 98B87DD4219F5D30008D5E9B /* Build configuration list for PBXNativeTarget "Ghost Hunt" */;
			buildPhases = (
				98B87DBE219F5D2F008D5E9B /* Sources */,
				98B87DBF219F5D2F008D5E9B /* Frameworks */,
				98B87DC0219F5D2F008D5E9B /* Resources */,
			);
			buildRules = (
			);
			dependencies = (
			);
			name = "Ghost Hunt";
			productName = "Ghost Hunt";
			productReference = 98B87DC2219F5D2F008D5E9B /* Ghost Hunt.app */;
			productType = "com.apple.product-type.application";
		};
/* End PBXNativeTarget section */

/* Begin PBXProject section */
		98B87DBA219F5D2F008D5E9B /* Project object */ = {
			isa = PBXProject;
			attributes = {
				LastSwiftUpdateCheck = 1000;
				LastUpgradeCheck = 1000;
				ORGANIZATIONNAME = "Andrew Palmer";
				TargetAttributes = {
					98B87DC1219F5D2F008D5E9B = {
						CreatedOnToolsVersion = 10.0;
						SystemCapabilities = {
							com.apple.Maps.iOS = {
								enabled = 1;
							};
						};
					};
				};
			};
			buildConfigurationList = 98B87DBD219F5D2F008D5E9B /* Build configuration list for PBXProject "Ghost Hunt" */;
			compatibilityVersion = "Xcode 9.3";
			developmentRegion = en;
			hasScannedForEncodings = 0;
			knownRegions = (
				en,
				Base,
			);
			mainGroup = 98B87DB9219F5D2F008D5E9B;
			productRefGroup = 98B87DC3219F5D2F008D5E9B /* Products */;
			projectDirPath = "";
			projectRoot = "";
			targets = (
				98B87DC1219F5D2F008D5E9B /* Ghost Hunt */,
			);
		};
/* End PBXProject section */

/* Begin PBXResourcesBuildPhase section */
		98B87DC0219F5D2F008D5E9B /* Resources */ = {
			isa = PBXResourcesBuildPhase;
			buildActionMask = 2147483647;
			files = (
				981A0E9321A61F5E00225504 /* round_directions_run_black_36pt_3x.png in Resources */,
				981A0E9121A61F5E00225504 /* round_view_list_black_36pt_2x.png in Resources */,
				981A0E9D21A61F5E00225504 /* round_directions_run_black_36pt_2x.png in Resources */,
				981A0E9521A61F5E00225504 /* round_add_circle_black_36pt_2x.png in Resources */,
				981A0E9621A61F5E00225504 /* round_sentiment_very_dissatisfied_black_36pt_1x.png in Resources */,
				981A0EA021A61F5E00225504 /* round_directions_run_black_36pt_1x.png in Resources */,
				98B87DD0219F5D30008D5E9B /* LaunchScreen.storyboard in Resources */,
				981A0E9E21A61F5E00225504 /* round_timer_black_36pt_1x.png in Resources */,
				981A0E9821A61F5E00225504 /* round_timer_black_36pt_2x.png in Resources */,
				980A617821A666080020543F /* round_camera_alt_black_36pt_1x.png in Resources */,
				981A0E9F21A61F5E00225504 /* round_sentiment_very_dissatisfied_black_36pt_3x.png in Resources */,
				981A0E9721A61F5E00225504 /* round_sentiment_very_dissatisfied_black_36pt_2x.png in Resources */,
				981A0E9221A61F5E00225504 /* round_timer_black_36pt_3x.png in Resources */,
				981A0E9021A61F5E00225504 /* round_add_circle_black_36pt_3x.png in Resources */,
				981A0E9921A61F5E00225504 /* round_view_list_black_36pt_3x.png in Resources */,
				980A617921A666080020543F /* round_camera_alt_black_36pt_3x.png in Resources */,
				980A617A21A666080020543F /* round_camera_alt_black_36pt_2x.png in Resources */,
				981A0E8F21A61F5E00225504 /* round_add_circle_black_36pt_1x.png in Resources */,
				981A0E9B21A61F5E00225504 /* round_view_list_black_36pt_1x.png in Resources */,
			);
			runOnlyForDeploymentPostprocessing = 0;
		};
/* End PBXResourcesBuildPhase section */

/* Begin PBXSourcesBuildPhase section */
		98B87DBE219F5D2F008D5E9B /* Sources */ = {
			isa = PBXSourcesBuildPhase;
			buildActionMask = 2147483647;
			files = (
				98B87DC8219F5D2F008D5E9B /* MapViewController.swift in Sources */,
				987E005C21A5341A002B3156 /* TimerViewController.swift in Sources */,
				981A0EA221A6375A00225504 /* TimerModel.swift in Sources */,
				98A30A3421A5F03600660051 /* CustomPointAnnotation.swift in Sources */,
				98B87DC6219F5D2F008D5E9B /* AppDelegate.swift in Sources */,
			);
			runOnlyForDeploymentPostprocessing = 0;
		};
/* End PBXSourcesBuildPhase section */

/* Begin PBXVariantGroup section */
		98B87DCE219F5D30008D5E9B /* LaunchScreen.storyboard */ = {
			isa = PBXVariantGroup;
			children = (
				98B87DCF219F5D30008D5E9B /* Base */,
			);
			name = LaunchScreen.storyboard;
			sourceTree = "<group>";
		};
/* End PBXVariantGroup section */

/* Begin XCBuildConfiguration section */
		98B87DD2219F5D30008D5E9B /* Debug */ = {
			isa = XCBuildConfiguration;
			buildSettings = {
				ALWAYS_SEARCH_USER_PATHS = NO;
				CLANG_ANALYZER_NONNULL = YES;
				CLANG_ANALYZER_NUMBER_OBJECT_CONVERSION = YES_AGGRESSIVE;
				CLANG_CXX_LANGUAGE_STANDARD = "gnu++14";
				CLANG_CXX_LIBRARY = "libc++";
				CLANG_ENABLE_MODULES = YES;
				CLANG_ENABLE_OBJC_ARC = YES;
				CLANG_ENABLE_OBJC_WEAK = YES;
				CLANG_WARN_BLOCK_CAPTURE_AUTORELEASING = YES;
				CLANG_WARN_BOOL_CONVERSION = YES;
				CLANG_WARN_COMMA = YES;
				CLANG_WARN_CONSTANT_CONVERSION = YES;
				CLANG_WARN_DEPRECATED_OBJC_IMPLEMENTATIONS = YES;
				CLANG_WARN_DIRECT_OBJC_ISA_USAGE = YES_ERROR;
				CLANG_WARN_DOCUMENTATION_COMMENTS = YES;
				CLANG_WARN_EMPTY_BODY = YES;
				CLANG_WARN_ENUM_CONVERSION = YES;
				CLANG_WARN_INFINITE_RECURSION = YES;
				CLANG_WARN_INT_CONVERSION = YES;
				CLANG_WARN_NON_LITERAL_NULL_CONVERSION = YES;
				CLANG_WARN_OBJC_IMPLICIT_RETAIN_SELF = YES;
				CLANG_WARN_OBJC_LITERAL_CONVERSION = YES;
				CLANG_WARN_OBJC_ROOT_CLASS = YES_ERROR;
				CLANG_WARN_RANGE_LOOP_ANALYSIS = YES;
				CLANG_WARN_STRICT_PROTOTYPES = YES;
				CLANG_WARN_SUSPICIOUS_MOVE = YES;
				CLANG_WARN_UNGUARDED_AVAILABILITY = YES_AGGRESSIVE;
				CLANG_WARN_UNREACHABLE_CODE = YES;
				CLANG_WARN__DUPLICATE_METHOD_MATCH = YES;
				CODE_SIGN_IDENTITY = "iPhone Developer";
				COPY_PHASE_STRIP = NO;
				DEBUG_INFORMATION_FORMAT = dwarf;
				ENABLE_STRICT_OBJC_MSGSEND = YES;
				ENABLE_TESTABILITY = YES;
				GCC_C_LANGUAGE_STANDARD = gnu11;
				GCC_DYNAMIC_NO_PIC = NO;
				GCC_NO_COMMON_BLOCKS = YES;
				GCC_OPTIMIZATION_LEVEL = 0;
				GCC_PREPROCESSOR_DEFINITIONS = (
					"DEBUG=1",
					"$(inherited)",
				);
				GCC_WARN_64_TO_32_BIT_CONVERSION = YES;
				GCC_WARN_ABOUT_RETURN_TYPE = YES_ERROR;
				GCC_WARN_UNDECLARED_SELECTOR = YES;
				GCC_WARN_UNINITIALIZED_AUTOS = YES_AGGRESSIVE;
				GCC_WARN_UNUSED_FUNCTION = YES;
				GCC_WARN_UNUSED_VARIABLE = YES;
				IPHONEOS_DEPLOYMENT_TARGET = 12.0;
				MTL_ENABLE_DEBUG_INFO = INCLUDE_SOURCE;
				MTL_FAST_MATH = YES;
				ONLY_ACTIVE_ARCH = YES;
				SDKROOT = iphoneos;
				SWIFT_ACTIVE_COMPILATION_CONDITIONS = DEBUG;
				SWIFT_OPTIMIZATION_LEVEL = "-Onone";
			};
			name = Debug;
		};
		98B87DD3219F5D30008D5E9B /* Release */ = {
			isa = XCBuildConfiguration;
			buildSettings = {
				ALWAYS_SEARCH_USER_PATHS = NO;
				CLANG_ANALYZER_NONNULL = YES;
				CLANG_ANALYZER_NUMBER_OBJECT_CONVERSION = YES_AGGRESSIVE;
				CLANG_CXX_LANGUAGE_STANDARD = "gnu++14";
				CLANG_CXX_LIBRARY = "libc++";
				CLANG_ENABLE_MODULES = YES;
				CLANG_ENABLE_OBJC_ARC = YES;
				CLANG_ENABLE_OBJC_WEAK = YES;
				CLANG_WARN_BLOCK_CAPTURE_AUTORELEASING = YES;
				CLANG_WARN_BOOL_CONVERSION = YES;
				CLANG_WARN_COMMA = YES;
				CLANG_WARN_CONSTANT_CONVERSION = YES;
				CLANG_WARN_DEPRECATED_OBJC_IMPLEMENTATIONS = YES;
				CLANG_WARN_DIRECT_OBJC_ISA_USAGE = YES_ERROR;
				CLANG_WARN_DOCUMENTATION_COMMENTS = YES;
				CLANG_WARN_EMPTY_BODY = YES;
				CLANG_WARN_ENUM_CONVERSION = YES;
				CLANG_WARN_INFINITE_RECURSION = YES;
				CLANG_WARN_INT_CONVERSION = YES;
				CLANG_WARN_NON_LITERAL_NULL_CONVERSION = YES;
				CLANG_WARN_OBJC_IMPLICIT_RETAIN_SELF = YES;
				CLANG_WARN_OBJC_LITERAL_CONVERSION = YES;
				CLANG_WARN_OBJC_ROOT_CLASS = YES_ERROR;
				CLANG_WARN_RANGE_LOOP_ANALYSIS = YES;
				CLANG_WARN_STRICT_PROTOTYPES = YES;
				CLANG_WARN_SUSPICIOUS_MOVE = YES;
				CLANG_WARN_UNGUARDED_AVAILABILITY = YES_AGGRESSIVE;
				CLANG_WARN_UNREACHABLE_CODE = YES;
				CLANG_WARN__DUPLICATE_METHOD_MATCH = YES;
				CODE_SIGN_IDENTITY = "iPhone Developer";
				COPY_PHASE_STRIP = NO;
				DEBUG_INFORMATION_FORMAT = "dwarf-with-dsym";
				ENABLE_NS_ASSERTIONS = NO;
				ENABLE_STRICT_OBJC_MSGSEND = YES;
				GCC_C_LANGUAGE_STANDARD = gnu11;
				GCC_NO_COMMON_BLOCKS = YES;
				GCC_WARN_64_TO_32_BIT_CONVERSION = YES;
				GCC_WARN_ABOUT_RETURN_TYPE = YES_ERROR;
				GCC_WARN_UNDECLARED_SELECTOR = YES;
				GCC_WARN_UNINITIALIZED_AUTOS = YES_AGGRESSIVE;
				GCC_WARN_UNUSED_FUNCTION = YES;
				GCC_WARN_UNUSED_VARIABLE = YES;
				IPHONEOS_DEPLOYMENT_TARGET = 12.0;
				MTL_ENABLE_DEBUG_INFO = NO;
				MTL_FAST_MATH = YES;
				SDKROOT = iphoneos;
				SWIFT_COMPILATION_MODE = wholemodule;
				SWIFT_OPTIMIZATION_LEVEL = "-O";
				VALIDATE_PRODUCT = YES;
			};
			name = Release;
		};
		98B87DD5219F5D30008D5E9B /* Debug */ = {
			isa = XCBuildConfiguration;
			buildSettings = {
				ASSETCATALOG_COMPILER_APPICON_NAME = AppIcon;
				CODE_SIGN_STYLE = Automatic;
				DEVELOPMENT_TEAM = 85ZXRYZ5QH;
				INFOPLIST_FILE = "Ghost Hunt/Info.plist";
				LD_RUNPATH_SEARCH_PATHS = (
					"$(inherited)",
					"@executable_path/Frameworks",
				);
				PRODUCT_BUNDLE_IDENTIFIER = "com.andrewpalmer.Ghost-Hunt";
				PRODUCT_NAME = "$(TARGET_NAME)";
				SWIFT_VERSION = 4.2;
				TARGETED_DEVICE_FAMILY = "1,2";
			};
			name = Debug;
		};
		98B87DD6219F5D30008D5E9B /* Release */ = {
			isa = XCBuildConfiguration;
			buildSettings = {
				ASSETCATALOG_COMPILER_APPICON_NAME = AppIcon;
				CODE_SIGN_STYLE = Automatic;
				DEVELOPMENT_TEAM = 85ZXRYZ5QH;
				INFOPLIST_FILE = "Ghost Hunt/Info.plist";
				LD_RUNPATH_SEARCH_PATHS = (
					"$(inherited)",
					"@executable_path/Frameworks",
				);
				PRODUCT_BUNDLE_IDENTIFIER = "com.andrewpalmer.Ghost-Hunt";
				PRODUCT_NAME = "$(TARGET_NAME)";
				SWIFT_VERSION = 4.2;
				TARGETED_DEVICE_FAMILY = "1,2";
			};
			name = Release;
		};
/* End XCBuildConfiguration section */

/* Begin XCConfigurationList section */
		98B87DBD219F5D2F008D5E9B /* Build configuration list for PBXProject "Ghost Hunt" */ = {
			isa = XCConfigurationList;
			buildConfigurations = (
				98B87DD2219F5D30008D5E9B /* Debug */,
				98B87DD3219F5D30008D5E9B /* Release */,
			);
			defaultConfigurationIsVisible = 0;
			defaultConfigurationName = Release;
		};
		98B87DD4219F5D30008D5E9B /* Build configuration list for PBXNativeTarget "Ghost Hunt" */ = {
			isa = XCConfigurationList;
			buildConfigurations = (
				98B87DD5219F5D30008D5E9B /* Debug */,
				98B87DD6219F5D30008D5E9B /* Release */,
			);
			defaultConfigurationIsVisible = 0;
			defaultConfigurationName = Release;
		};
/* End XCConfigurationList section */
	};
	rootObject = 98B87DBA219F5D2F008D5E9B /* Project object */;
}
